
Microsoft Visual Studio Solution File, Format Version 12.00
# Visual Studio Version 17
VisualStudioVersion = 17.10.35013.160
MinimumVisualStudioVersion = 10.0.40219.1
Project("{9A19103F-16F7-4668-BE54-9A1E7A4F7556}") = "Challenge", "Challenge.csproj", "{60DB06C2-7188-4EC8-BA20-CDA484F438E1}"
EndProject
Project("{FAE04EC0-301F-11D3-BF4B-00C04F79EFBC}") = "Challenge.Tests", "..\Challenge.Tests\Challenge.Tests.csproj", "{C014B1BA-5F6D-4A95-AD57-FF65CABB2C62}"
	ProjectSection(ProjectDependencies) = postProject
		{60DB06C2-7188-4EC8-BA20-CDA484F438E1} = {60DB06C2-7188-4EC8-BA20-CDA484F438E1}
	EndProjectSection
EndProject
Global
	GlobalSection(SolutionConfigurationPlatforms) = preSolution
		Debug|Any CPU = Debug|Any CPU
		Release|Any CPU = Release|Any CPU
	EndGlobalSection
	GlobalSection(ProjectConfigurationPlatforms) = postSolution
		{60DB06C2-7188-4EC8-BA20-CDA484F438E1}.Debug|Any CPU.ActiveCfg = Debug|Any CPU
		{60DB06C2-7188-4EC8-BA20-CDA484F438E1}.Debug|Any CPU.Build.0 = Debug|Any CPU
		{60DB06C2-7188-4EC8-BA20-CDA484F438E1}.Release|Any CPU.ActiveCfg = Release|Any CPU
		{60DB06C2-7188-4EC8-BA20-CDA484F438E1}.Release|Any CPU.Build.0 = Release|Any CPU
		{C014B1BA-5F6D-4A95-AD57-FF65CABB2C62}.Debug|Any CPU.ActiveCfg = Debug|Any CPU
		{C014B1BA-5F6D-4A95-AD57-FF65CABB2C62}.Debug|Any CPU.Build.0 = Debug|Any CPU
		{C014B1BA-5F6D-4A95-AD57-FF65CABB2C62}.Release|Any CPU.ActiveCfg = Release|Any CPU
		{C014B1BA-5F6D-4A95-AD57-FF65CABB2C62}.Release|Any CPU.Build.0 = Release|Any CPU
	EndGlobalSection
	GlobalSection(SolutionProperties) = preSolution
		HideSolutionNode = FALSE
	EndGlobalSection
	GlobalSection(ExtensibilityGlobals) = postSolution
		SolutionGuid = {9C7691F4-C337-4C9D-A0BA-57FC1DBE7297}
	EndGlobalSection
EndGlobal
